
Microsoft Visual Studio Solution File, Format Version 12.00
# Visual Studio Version 16
VisualStudioVersion = 16.0.29911.84
MinimumVisualStudioVersion = 10.0.40219.1
Project("{FAE04EC0-301F-11D3-BF4B-00C04F79EFBC}") = "Final_Project", "Final_Project\Final_Project.csproj", "{55CE1549-BF7B-4309-8188-2552B11911CD}"
EndProject
Project("{FAE04EC0-301F-11D3-BF4B-00C04F79EFBC}") = "WpfApp1", "..\WpfApp1\WpfApp1\WpfApp1.csproj", "{28E14AB2-EBFB-4771-BF86-A4754DB3F4F6}"
EndProject
Global
	GlobalSection(SolutionConfigurationPlatforms) = preSolution
		Debug|Any CPU = Debug|Any CPU
		Debug|x64 = Debug|x64
		Release|Any CPU = Release|Any CPU
		Release|x64 = Release|x64
	EndGlobalSection
	GlobalSection(ProjectConfigurationPlatforms) = postSolution
		{55CE1549-BF7B-4309-8188-2552B11911CD}.Debug|Any CPU.ActiveCfg = Debug|Any CPU
		{55CE1549-BF7B-4309-8188-2552B11911CD}.Debug|Any CPU.Build.0 = Debug|Any CPU
		{55CE1549-BF7B-4309-8188-2552B11911CD}.Debug|x64.ActiveCfg = Debug|Any CPU
		{55CE1549-BF7B-4309-8188-2552B11911CD}.Debug|x64.Build.0 = Debug|Any CPU
		{55CE1549-BF7B-4309-8188-2552B11911CD}.Release|Any CPU.ActiveCfg = Release|Any CPU
		{55CE1549-BF7B-4309-8188-2552B11911CD}.Release|Any CPU.Build.0 = Release|Any CPU
		{55CE1549-BF7B-4309-8188-2552B11911CD}.Release|x64.ActiveCfg = Release|Any CPU
		{55CE1549-BF7B-4309-8188-2552B11911CD}.Release|x64.Build.0 = Release|Any CPU
		{28E14AB2-EBFB-4771-BF86-A4754DB3F4F6}.Debug|Any CPU.ActiveCfg = Debug|Any CPU
		{28E14AB2-EBFB-4771-BF86-A4754DB3F4F6}.Debug|Any CPU.Build.0 = Debug|Any CPU
		{28E14AB2-EBFB-4771-BF86-A4754DB3F4F6}.Debug|x64.ActiveCfg = Debug|x64
		{28E14AB2-EBFB-4771-BF86-A4754DB3F4F6}.Debug|x64.Build.0 = Debug|x64
		{28E14AB2-EBFB-4771-BF86-A4754DB3F4F6}.Release|Any CPU.ActiveCfg = Release|Any CPU
		{28E14AB2-EBFB-4771-BF86-A4754DB3F4F6}.Release|Any CPU.Build.0 = Release|Any CPU
		{28E14AB2-EBFB-4771-BF86-A4754DB3F4F6}.Release|x64.ActiveCfg = Release|x64
		{28E14AB2-EBFB-4771-BF86-A4754DB3F4F6}.Release|x64.Build.0 = Release|x64
	EndGlobalSection
	GlobalSection(SolutionProperties) = preSolution
		HideSolutionNode = FALSE
	EndGlobalSection
	GlobalSection(ExtensibilityGlobals) = postSolution
		SolutionGuid = {278B7C0D-A37D-4D45-815A-A763A8F21BFB}
	EndGlobalSection
EndGlobal
