
Microsoft Visual Studio Solution File, Format Version 12.00
# Visual Studio Version 16
VisualStudioVersion = 16.0.29911.84
MinimumVisualStudioVersion = 10.0.40219.1
Project("{FAE04EC0-301F-11D3-BF4B-00C04F79EFBC}") = "Final_Project_again", "Final_Project_again\Final_Project_again.csproj", "{97A3ABEB-FDAC-4976-9F05-A924955A7E61}"
EndProject
Project("{FAE04EC0-301F-11D3-BF4B-00C04F79EFBC}") = "Final_Project_againTests", "Final_Project_againTests\Final_Project_againTests.csproj", "{8BDAE18E-ED75-40D1-82A3-CD18491ECFDF}"
EndProject
Global
	GlobalSection(SolutionConfigurationPlatforms) = preSolution
		Debug|Any CPU = Debug|Any CPU
		Release|Any CPU = Release|Any CPU
	EndGlobalSection
	GlobalSection(ProjectConfigurationPlatforms) = postSolution
		{97A3ABEB-FDAC-4976-9F05-A924955A7E61}.Debug|Any CPU.ActiveCfg = Debug|Any CPU
		{97A3ABEB-FDAC-4976-9F05-A924955A7E61}.Debug|Any CPU.Build.0 = Debug|Any CPU
		{97A3ABEB-FDAC-4976-9F05-A924955A7E61}.Release|Any CPU.ActiveCfg = Release|Any CPU
		{97A3ABEB-FDAC-4976-9F05-A924955A7E61}.Release|Any CPU.Build.0 = Release|Any CPU
		{8BDAE18E-ED75-40D1-82A3-CD18491ECFDF}.Debug|Any CPU.ActiveCfg = Debug|Any CPU
		{8BDAE18E-ED75-40D1-82A3-CD18491ECFDF}.Debug|Any CPU.Build.0 = Debug|Any CPU
		{8BDAE18E-ED75-40D1-82A3-CD18491ECFDF}.Release|Any CPU.ActiveCfg = Release|Any CPU
		{8BDAE18E-ED75-40D1-82A3-CD18491ECFDF}.Release|Any CPU.Build.0 = Release|Any CPU
	EndGlobalSection
	GlobalSection(SolutionProperties) = preSolution
		HideSolutionNode = FALSE
	EndGlobalSection
	GlobalSection(ExtensibilityGlobals) = postSolution
		SolutionGuid = {0B179F52-1CC2-4828-8351-2F2F281C1C08}
	EndGlobalSection
EndGlobal
